
Microsoft Visual Studio Solution File, Format Version 12.00
# Visual Studio Version 16
VisualStudioVersion = 16.0.31129.286
MinimumVisualStudioVersion = 10.0.40219.1
Project("{FAE04EC0-301F-11D3-BF4B-00C04F79EFBC}") = "SamePixelTool", "SamePixelTool\SamePixelTool.csproj", "{D6C7A3AB-802D-4DAE-8820-64E6A161699D}"
EndProject
Global
	GlobalSection(SolutionConfigurationPlatforms) = preSolution
		Debug|Any CPU = Debug|Any CPU
		Release|Any CPU = Release|Any CPU
	EndGlobalSection
	GlobalSection(ProjectConfigurationPlatforms) = postSolution
		{D6C7A3AB-802D-4DAE-8820-64E6A161699D}.Debug|Any CPU.ActiveCfg = Debug|Any CPU
		{D6C7A3AB-802D-4DAE-8820-64E6A161699D}.Debug|Any CPU.Build.0 = Debug|Any CPU
		{D6C7A3AB-802D-4DAE-8820-64E6A161699D}.Release|Any CPU.ActiveCfg = Release|Any CPU
		{D6C7A3AB-802D-4DAE-8820-64E6A161699D}.Release|Any CPU.Build.0 = Release|Any CPU
	EndGlobalSection
	GlobalSection(SolutionProperties) = preSolution
		HideSolutionNode = FALSE
	EndGlobalSection
	GlobalSection(ExtensibilityGlobals) = postSolution
		SolutionGuid = {8DA50E0D-D58C-4AB0-BA24-9BC229FD4CC8}
	EndGlobalSection
EndGlobal
